# THIS IS AN AUTOGENERATED FILE. DO NOT EDIT THIS FILE DIRECTLY.
# yarn lockfile v1


"@jsamos/creditcard@^1.0.0":
  version "1.0.0"
  resolved "https://registry.yarnpkg.com/@jsamos/creditcard/-/creditcard-1.0.0.tgz#d12909d21c341a14032a06cd5743eb71c496271e"
  integrity sha512-9CNOsd2nYjhcD9h0xZRn55rL3HktbANonejTZDTe5rmCWJW3TtvON3EGJ469POWXTzHKXC6c+AzO8XQy5yoAPA==

"@jsamos/crystalexpender@^1.0.0":
  version "1.0.0"
  resolved "https://registry.yarnpkg.com/@jsamos/crystalexpender/-/crystalexpender-1.0.0.tgz#ab4acb90fc5df833abfdafc8a02f1ed4d54ac438"
  integrity sha512-eM49tvpDT7qgcrbqtR+JSTdjEcL1AB1iwhNL9riqgnLmHo/MExqw//0XTBsuUXy4SA+sNeOc/QXUPderMaUPZA==

"@jsamos/receptivo@^1.0.0":
  version "1.0.0"
  resolved "https://registry.yarnpkg.com/@jsamos/receptivo/-/receptivo-1.0.0.tgz#d1210774e21d5a38a3183317981ae165b347da56"
  integrity sha512-TGZISSlDbl/t1qDiS2iWwMcTo2zQC350Gz7G8rhDf0XIeOciDPWKwFLGLzf8P9DGoUoFW96NQ5hpOZSyMTSNFA==

"@jsamos/rickmenudispatcher@^1.0.0":
  version "1.0.0"
  resolved "https://registry.yarnpkg.com/@jsamos/rickmenudispatcher/-/rickmenudispatcher-1.0.0.tgz#3abcde630cae25e93cce12fbeda2b40a1d8cf048"
  integrity sha512-Hckk+ypPpi3OTqjj9bCLGoaOH7zobAZi4ioYybpU4mySFnwTP/dYlNcOUWIgU/q4tFlVaQzfzFVW5zcWrORAug==

"@jsamos/ufospark@^1.0.0":
  version "1.0.0"
  resolved "https://registry.yarnpkg.com/@jsamos/ufospark/-/ufospark-1.0.0.tgz#8f70e5f2e29f951a86f61f0b5c65d1bc747d4c11"
  integrity sha512-E2giWQniJB5Oe9TfGKFMORJe3/oySIxMwRhTcVMBXLP5+cZiWbM1NwFe88h4VX1QL3V/jQp8xC+9iWGzn9BtIg==
